{
  "name": "package-c",
  "version": "1.0.0",
  "lockfileVersion": 3,
  "requires": true,
  "packages": {
    "": {
      "name": "package-c",
      "version": "1.0.0",
      "dependencies": {
        "marked": "0.3.6"
      }
    },
    "node_modules/marked": {
      "version": "0.3.6",
      "resolved": "https://registry.npmjs.org/marked/-/marked-0.3.6.tgz",
      "integrity": "sha512-gE75oL01YUIxaBqgeGBuNNd8u0L+H1N6xeW/s+O57o5EC31aPX1M1lD4W9eGyHFJGTwOgMkqzYODZ4yp5w20gQ==",
      "bin": {
        "marked": "bin/marked"
      }
    }
  }
}
